{
  "name": "testdata",
  "version": "1.0.0",
  "lockfileVersion": 1,
  "requires": true,
  "dependencies": {
    "@types/node": {
      "version": "13.13.2",
      "resolved": "https://pkgs.dev.azure.com/flinthills/_packaging/NPM_FHR/npm/registry/@types/node/-/node-13.13.2.tgz",
      "integrity": "sha1-Fg2CYjYQ21kKZOjKgXhOERF+WlQ=",
      "dev": true
    },
    "fs": {
      "version": "0.0.1-security",
      "resolved": "https://pkgs.dev.azure.com/flinthills/_packaging/NPM_FHR/npm/registry/fs/-/fs-0.0.1-security.tgz",
      "integrity": "sha1-invTcYa23d84E/I4WLV+yq9eQdQ="
    },
    "typescript": {
      "version": "3.8.3",
      "resolved": "https://pkgs.dev.azure.com/flinthills/_packaging/NPM_FHR/npm/registry/typescript/-/typescript-3.8.3.tgz",
      "integrity": "sha1-QJ64VE6gM1cRIFhp7EWKsQnuEGE=",
      "dev": true
    }
  }
}
